{
  "name": "ngclassifieds",
  "version": "1.0.0",
  "lockfileVersion": 1,
  "requires": true,
  "dependencies": {
    "angular": {
      "version": "1.5.0",
      "resolved": "https://registry.npmjs.org/angular/-/angular-1.5.0.tgz",
      "integrity": "sha1-2W7perbfbP0JFazL7khNCYrbdOw="
    },
    "angular-animate": {
      "version": "1.5.0",
      "resolved": "https://registry.npmjs.org/angular-animate/-/angular-animate-1.5.0.tgz",
      "integrity": "sha1-DjHzH6erLd9epXh+R2VIZE1i+5M="
    },
    "angular-aria": {
      "version": "1.5.0",
      "resolved": "https://registry.npmjs.org/angular-aria/-/angular-aria-1.5.0.tgz",
      "integrity": "sha1-sQmd6gKvQdJklT6il1kLFQRnOAI="
    },
    "angular-material": {
      "version": "1.1.18",
      "resolved": "https://registry.npmjs.org/angular-material/-/angular-material-1.1.18.tgz",
      "integrity": "sha512-a+9Jzg4WF10G3vMbLCp5LSbmroeEbEYvzQoYVpWcXIgOUmnuOjxsNDPL73uNWOE97wOtEcFWxKF2wcP8zgixbA=="
    },
    "mdi": {
      "version": "2.2.43",
      "resolved": "https://registry.npmjs.org/mdi/-/mdi-2.2.43.tgz",
      "integrity": "sha512-g3m6z4303qieltUM20JL2gdsJZvoVzIzO74qa2XxZ2kg9JPwrPEAgooVhRDHZi1vvRh0gB8Dg+c9XqNdz4jcIg=="
    }
  }
}
